// !$*UTF8*$!
{
	archiveVersion = 1;
	classes = {
	};
	objectVersion = 50;
	objects = {

/* Begin PBXBuildFile section */
		370C2A032437F02F00C1D9E3 /* UpdatesTableViewCell.swift in Sources */ = {isa = PBXBuildFile; fileRef = 370C2A022437F02F00C1D9E3 /* UpdatesTableViewCell.swift */; };
		37133D5124356C3E000BD486 /* UIViewExtension.swift in Sources */ = {isa = PBXBuildFile; fileRef = 37133D5024356C3E000BD486 /* UIViewExtension.swift */; };
		372AC6692434FAF500CCEA32 /* Timeline.xcdatamodeld in Sources */ = {isa = PBXBuildFile; fileRef = 37DB59F32432E228009830F3 /* Timeline.xcdatamodeld */; };
		3738570724358087002860F0 /* UIViewControllerExtension.swift in Sources */ = {isa = PBXBuildFile; fileRef = 3738570624358087002860F0 /* UIViewControllerExtension.swift */; };
		373AFA57242FE18D0068B4A4 /* ArchivesViewController.swift in Sources */ = {isa = PBXBuildFile; fileRef = 373AFA56242FE18D0068B4A4 /* ArchivesViewController.swift */; };
		3746518B2430274A003AFE63 /* TimelineTableViewCell.swift in Sources */ = {isa = PBXBuildFile; fileRef = 3746518A2430274A003AFE63 /* TimelineTableViewCell.swift */; };
		3755ED53242E8E310056EA4F /* AppDelegate.swift in Sources */ = {isa = PBXBuildFile; fileRef = 3755ED52242E8E310056EA4F /* AppDelegate.swift */; };
		3755ED55242E8E310056EA4F /* SceneDelegate.swift in Sources */ = {isa = PBXBuildFile; fileRef = 3755ED54242E8E310056EA4F /* SceneDelegate.swift */; };
		3755ED5A242E8E310056EA4F /* Main.storyboard in Resources */ = {isa = PBXBuildFile; fileRef = 3755ED58242E8E310056EA4F /* Main.storyboard */; };
		3755ED5C242E8E330056EA4F /* Assets.xcassets in Resources */ = {isa = PBXBuildFile; fileRef = 3755ED5B242E8E330056EA4F /* Assets.xcassets */; };
		3755ED5F242E8E330056EA4F /* LaunchScreen.storyboard in Resources */ = {isa = PBXBuildFile; fileRef = 3755ED5D242E8E330056EA4F /* LaunchScreen.storyboard */; };
		3755ED6C242E93970056EA4F /* MainViewController.swift in Sources */ = {isa = PBXBuildFile; fileRef = 3755ED6B242E93970056EA4F /* MainViewController.swift */; };
		3755ED76242EB5870056EA4F /* AddUpdate.storyboard in Resources */ = {isa = PBXBuildFile; fileRef = 3755ED75242EB5870056EA4F /* AddUpdate.storyboard */; };
		3755ED78242EB6300056EA4F /* AddUpdateViewController.swift in Sources */ = {isa = PBXBuildFile; fileRef = 3755ED77242EB6300056EA4F /* AddUpdateViewController.swift */; };
		375AFB2E24332388009D5ACD /* Update+CoreDataClass.swift in Sources */ = {isa = PBXBuildFile; fileRef = 375AFB2A24332388009D5ACD /* Update+CoreDataClass.swift */; };
		375AFB2F24332388009D5ACD /* Update+CoreDataProperties.swift in Sources */ = {isa = PBXBuildFile; fileRef = 375AFB2B24332388009D5ACD /* Update+CoreDataProperties.swift */; };
		375AFB3024332388009D5ACD /* Timeline+CoreDataClass.swift in Sources */ = {isa = PBXBuildFile; fileRef = 375AFB2C24332388009D5ACD /* Timeline+CoreDataClass.swift */; };
		375AFB3124332388009D5ACD /* Timeline+CoreDataProperties.swift in Sources */ = {isa = PBXBuildFile; fileRef = 375AFB2D24332388009D5ACD /* Timeline+CoreDataProperties.swift */; };
		37CD683F242ED7DA0018A16A /* CoreDataStack.swift in Sources */ = {isa = PBXBuildFile; fileRef = 37CD683E242ED7DA0018A16A /* CoreDataStack.swift */; };
		37DB59FC2432E592009830F3 /* Timeline+Convenience.swift in Sources */ = {isa = PBXBuildFile; fileRef = 37DB59FB2432E592009830F3 /* Timeline+Convenience.swift */; };
		37DB59FE2432E73D009830F3 /* Update+Convenience.swift in Sources */ = {isa = PBXBuildFile; fileRef = 37DB59FD2432E73D009830F3 /* Update+Convenience.swift */; };
/* End PBXBuildFile section */

/* Begin PBXFileReference section */
		370C2A022437F02F00C1D9E3 /* UpdatesTableViewCell.swift */ = {isa = PBXFileReference; lastKnownFileType = sourcecode.swift; path = UpdatesTableViewCell.swift; sourceTree = "<group>"; };
		37133D5024356C3E000BD486 /* UIViewExtension.swift */ = {isa = PBXFileReference; lastKnownFileType = sourcecode.swift; path = UIViewExtension.swift; sourceTree = "<group>"; };
		3728FAC72434FC5A009794E9 /* Timeline 2.xcdatamodel */ = {isa = PBXFileReference; lastKnownFileType = wrapper.xcdatamodel; path = "Timeline 2.xcdatamodel"; sourceTree = "<group>"; };
		3738570624358087002860F0 /* UIViewControllerExtension.swift */ = {isa = PBXFileReference; lastKnownFileType = sourcecode.swift; path = UIViewControllerExtension.swift; sourceTree = "<group>"; };
		373AFA56242FE18D0068B4A4 /* ArchivesViewController.swift */ = {isa = PBXFileReference; lastKnownFileType = sourcecode.swift; path = ArchivesViewController.swift; sourceTree = "<group>"; };
		3746518A2430274A003AFE63 /* TimelineTableViewCell.swift */ = {isa = PBXFileReference; lastKnownFileType = sourcecode.swift; path = TimelineTableViewCell.swift; sourceTree = "<group>"; };
		3755ED4F242E8E310056EA4F /* Amline.app */ = {isa = PBXFileReference; explicitFileType = wrapper.application; includeInIndex = 0; path = Amline.app; sourceTree = BUILT_PRODUCTS_DIR; };
		3755ED52242E8E310056EA4F /* AppDelegate.swift */ = {isa = PBXFileReference; lastKnownFileType = sourcecode.swift; path = AppDelegate.swift; sourceTree = "<group>"; };
		3755ED54242E8E310056EA4F /* SceneDelegate.swift */ = {isa = PBXFileReference; lastKnownFileType = sourcecode.swift; path = SceneDelegate.swift; sourceTree = "<group>"; };
		3755ED59242E8E310056EA4F /* Base */ = {isa = PBXFileReference; lastKnownFileType = file.storyboard; name = Base; path = Base.lproj/Main.storyboard; sourceTree = "<group>"; };
		3755ED5B242E8E330056EA4F /* Assets.xcassets */ = {isa = PBXFileReference; lastKnownFileType = folder.assetcatalog; path = Assets.xcassets; sourceTree = "<group>"; };
		3755ED5E242E8E330056EA4F /* Base */ = {isa = PBXFileReference; lastKnownFileType = file.storyboard; name = Base; path = Base.lproj/LaunchScreen.storyboard; sourceTree = "<group>"; };
		3755ED60242E8E330056EA4F /* Info.plist */ = {isa = PBXFileReference; lastKnownFileType = text.plist.xml; path = Info.plist; sourceTree = "<group>"; };
		3755ED6B242E93970056EA4F /* MainViewController.swift */ = {isa = PBXFileReference; lastKnownFileType = sourcecode.swift; path = MainViewController.swift; sourceTree = "<group>"; };
		3755ED75242EB5870056EA4F /* AddUpdate.storyboard */ = {isa = PBXFileReference; lastKnownFileType = file.storyboard; path = AddUpdate.storyboard; sourceTree = "<group>"; };
		3755ED77242EB6300056EA4F /* AddUpdateViewController.swift */ = {isa = PBXFileReference; lastKnownFileType = sourcecode.swift; path = AddUpdateViewController.swift; sourceTree = "<group>"; };
		375AFB2A24332388009D5ACD /* Update+CoreDataClass.swift */ = {isa = PBXFileReference; lastKnownFileType = sourcecode.swift; path = "Update+CoreDataClass.swift"; sourceTree = "<group>"; };
		375AFB2B24332388009D5ACD /* Update+CoreDataProperties.swift */ = {isa = PBXFileReference; lastKnownFileType = sourcecode.swift; path = "Update+CoreDataProperties.swift"; sourceTree = "<group>"; };
		375AFB2C24332388009D5ACD /* Timeline+CoreDataClass.swift */ = {isa = PBXFileReference; lastKnownFileType = sourcecode.swift; path = "Timeline+CoreDataClass.swift"; sourceTree = "<group>"; };
		375AFB2D24332388009D5ACD /* Timeline+CoreDataProperties.swift */ = {isa = PBXFileReference; lastKnownFileType = sourcecode.swift; path = "Timeline+CoreDataProperties.swift"; sourceTree = "<group>"; };
		37CD683E242ED7DA0018A16A /* CoreDataStack.swift */ = {isa = PBXFileReference; lastKnownFileType = sourcecode.swift; path = CoreDataStack.swift; sourceTree = "<group>"; };
		37DB59F42432E228009830F3 /* Timeline.xcdatamodel */ = {isa = PBXFileReference; lastKnownFileType = wrapper.xcdatamodel; path = Timeline.xcdatamodel; sourceTree = "<group>"; };
		37DB59FB2432E592009830F3 /* Timeline+Convenience.swift */ = {isa = PBXFileReference; lastKnownFileType = sourcecode.swift; path = "Timeline+Convenience.swift"; sourceTree = "<group>"; };
		37DB59FD2432E73D009830F3 /* Update+Convenience.swift */ = {isa = PBXFileReference; lastKnownFileType = sourcecode.swift; path = "Update+Convenience.swift"; sourceTree = "<group>"; };
/* End PBXFileReference section */

/* Begin PBXFrameworksBuildPhase section */
		3755ED4C242E8E310056EA4F /* Frameworks */ = {
			isa = PBXFrameworksBuildPhase;
			buildActionMask = 2147483647;
			files = (
			);
			runOnlyForDeploymentPostprocessing = 0;
		};
/* End PBXFrameworksBuildPhase section */

/* Begin PBXGroup section */
		37133D4B24354D4C000BD486 /* Helpers */ = {
			isa = PBXGroup;
			children = (
				37133D5024356C3E000BD486 /* UIViewExtension.swift */,
				3738570624358087002860F0 /* UIViewControllerExtension.swift */,
			);
			name = Helpers;
			sourceTree = "<group>";
		};
		3728FAC8243503A2009794E9 /* Update */ = {
			isa = PBXGroup;
			children = (
				37DB59FD2432E73D009830F3 /* Update+Convenience.swift */,
				375AFB2A24332388009D5ACD /* Update+CoreDataClass.swift */,
				375AFB2B24332388009D5ACD /* Update+CoreDataProperties.swift */,
			);
			name = Update;
			sourceTree = "<group>";
		};
		3728FAC9243503A5009794E9 /* Timeline */ = {
			isa = PBXGroup;
			children = (
				37DB59FB2432E592009830F3 /* Timeline+Convenience.swift */,
				375AFB2C24332388009D5ACD /* Timeline+CoreDataClass.swift */,
				375AFB2D24332388009D5ACD /* Timeline+CoreDataProperties.swift */,
			);
			name = Timeline;
			sourceTree = "<group>";
		};
		3755ED46242E8E310056EA4F = {
			isa = PBXGroup;
			children = (
				3755ED51242E8E310056EA4F /* Amline */,
				3755ED50242E8E310056EA4F /* Products */,
			);
			sourceTree = "<group>";
		};
		3755ED50242E8E310056EA4F /* Products */ = {
			isa = PBXGroup;
			children = (
				3755ED4F242E8E310056EA4F /* Amline.app */,
			);
			name = Products;
			sourceTree = "<group>";
		};
		3755ED51242E8E310056EA4F /* Amline */ = {
			isa = PBXGroup;
			children = (
				3755ED69242E8E4E0056EA4F /* App Lifecycle */,
				3755ED6A242E8E710056EA4F /* Models */,
				3755ED6D242E93D00056EA4F /* Views */,
				3755ED68242E8E4B0056EA4F /* View Controllers */,
				3755ED67242E8E480056EA4F /* Storyboards */,
				37133D4B24354D4C000BD486 /* Helpers */,
				3755ED66242E8E450056EA4F /* Resources */,
			);
			path = Amline;
			sourceTree = "<group>";
		};
		3755ED66242E8E450056EA4F /* Resources */ = {
			isa = PBXGroup;
			children = (
				3755ED5B242E8E330056EA4F /* Assets.xcassets */,
				3755ED60242E8E330056EA4F /* Info.plist */,
			);
			name = Resources;
			sourceTree = "<group>";
		};
		3755ED67242E8E480056EA4F /* Storyboards */ = {
			isa = PBXGroup;
			children = (
				3755ED58242E8E310056EA4F /* Main.storyboard */,
				3755ED75242EB5870056EA4F /* AddUpdate.storyboard */,
				3755ED5D242E8E330056EA4F /* LaunchScreen.storyboard */,
			);
			name = Storyboards;
			sourceTree = "<group>";
		};
		3755ED68242E8E4B0056EA4F /* View Controllers */ = {
			isa = PBXGroup;
			children = (
				373AFA56242FE18D0068B4A4 /* ArchivesViewController.swift */,
				3755ED6B242E93970056EA4F /* MainViewController.swift */,
				3755ED77242EB6300056EA4F /* AddUpdateViewController.swift */,
			);
			name = "View Controllers";
			sourceTree = "<group>";
		};
		3755ED69242E8E4E0056EA4F /* App Lifecycle */ = {
			isa = PBXGroup;
			children = (
				3755ED52242E8E310056EA4F /* AppDelegate.swift */,
				3755ED54242E8E310056EA4F /* SceneDelegate.swift */,
			);
			name = "App Lifecycle";
			sourceTree = "<group>";
		};
		3755ED6A242E8E710056EA4F /* Models */ = {
			isa = PBXGroup;
			children = (
				37CD683E242ED7DA0018A16A /* CoreDataStack.swift */,
				37DB59F32432E228009830F3 /* Timeline.xcdatamodeld */,
				3728FAC9243503A5009794E9 /* Timeline */,
				3728FAC8243503A2009794E9 /* Update */,
			);
			name = Models;
			sourceTree = "<group>";
		};
		3755ED6D242E93D00056EA4F /* Views */ = {
			isa = PBXGroup;
			children = (
				3746518A2430274A003AFE63 /* TimelineTableViewCell.swift */,
				370C2A022437F02F00C1D9E3 /* UpdatesTableViewCell.swift */,
			);
			name = Views;
			sourceTree = "<group>";
		};
/* End PBXGroup section */

/* Begin PBXNativeTarget section */
		3755ED4E242E8E310056EA4F /* Amline */ = {
			isa = PBXNativeTarget;
			buildConfigurationList = 3755ED63242E8E330056EA4F /* Build configuration list for PBXNativeTarget "Amline" */;
			buildPhases = (
				3755ED4B242E8E310056EA4F /* Sources */,
				3755ED4C242E8E310056EA4F /* Frameworks */,
				3755ED4D242E8E310056EA4F /* Resources */,
			);
			buildRules = (
			);
			dependencies = (
			);
			name = Amline;
			productName = Timeline;
			productReference = 3755ED4F242E8E310056EA4F /* Amline.app */;
			productType = "com.apple.product-type.application";
		};
/* End PBXNativeTarget section */

/* Begin PBXProject section */
		3755ED47242E8E310056EA4F /* Project object */ = {
			isa = PBXProject;
			attributes = {
				LastSwiftUpdateCheck = 1140;
				LastUpgradeCheck = 1140;
				ORGANIZATIONNAME = "Bobby Keffury";
				TargetAttributes = {
					3755ED4E242E8E310056EA4F = {
						CreatedOnToolsVersion = 11.4;
					};
				};
			};
			buildConfigurationList = 3755ED4A242E8E310056EA4F /* Build configuration list for PBXProject "Amline" */;
			compatibilityVersion = "Xcode 9.3";
			developmentRegion = en;
			hasScannedForEncodings = 0;
			knownRegions = (
				en,
				Base,
			);
			mainGroup = 3755ED46242E8E310056EA4F;
			productRefGroup = 3755ED50242E8E310056EA4F /* Products */;
			projectDirPath = "";
			projectRoot = "";
			targets = (
				3755ED4E242E8E310056EA4F /* Amline */,
			);
		};
/* End PBXProject section */

/* Begin PBXResourcesBuildPhase section */
		3755ED4D242E8E310056EA4F /* Resources */ = {
			isa = PBXResourcesBuildPhase;
			buildActionMask = 2147483647;
			files = (
				3755ED5F242E8E330056EA4F /* LaunchScreen.storyboard in Resources */,
				3755ED5C242E8E330056EA4F /* Assets.xcassets in Resources */,
				3755ED5A242E8E310056EA4F /* Main.storyboard in Resources */,
				3755ED76242EB5870056EA4F /* AddUpdate.storyboard in Resources */,
			);
			runOnlyForDeploymentPostprocessing = 0;
		};
/* End PBXResourcesBuildPhase section */

/* Begin PBXSourcesBuildPhase section */
		3755ED4B242E8E310056EA4F /* Sources */ = {
			isa = PBXSourcesBuildPhase;
			buildActionMask = 2147483647;
			files = (
				375AFB2E24332388009D5ACD /* Update+CoreDataClass.swift in Sources */,
				37DB59FE2432E73D009830F3 /* Update+Convenience.swift in Sources */,
				3738570724358087002860F0 /* UIViewControllerExtension.swift in Sources */,
				373AFA57242FE18D0068B4A4 /* ArchivesViewController.swift in Sources */,
				375AFB3024332388009D5ACD /* Timeline+CoreDataClass.swift in Sources */,
				370C2A032437F02F00C1D9E3 /* UpdatesTableViewCell.swift in Sources */,
				375AFB2F24332388009D5ACD /* Update+CoreDataProperties.swift in Sources */,
				3755ED6C242E93970056EA4F /* MainViewController.swift in Sources */,
				3746518B2430274A003AFE63 /* TimelineTableViewCell.swift in Sources */,
				3755ED78242EB6300056EA4F /* AddUpdateViewController.swift in Sources */,
				37133D5124356C3E000BD486 /* UIViewExtension.swift in Sources */,
				3755ED53242E8E310056EA4F /* AppDelegate.swift in Sources */,
				37CD683F242ED7DA0018A16A /* CoreDataStack.swift in Sources */,
				37DB59FC2432E592009830F3 /* Timeline+Convenience.swift in Sources */,
				3755ED55242E8E310056EA4F /* SceneDelegate.swift in Sources */,
				375AFB3124332388009D5ACD /* Timeline+CoreDataProperties.swift in Sources */,
				372AC6692434FAF500CCEA32 /* Timeline.xcdatamodeld in Sources */,
			);
			runOnlyForDeploymentPostprocessing = 0;
		};
/* End PBXSourcesBuildPhase section */

/* Begin PBXVariantGroup section */
		3755ED58242E8E310056EA4F /* Main.storyboard */ = {
			isa = PBXVariantGroup;
			children = (
				3755ED59242E8E310056EA4F /* Base */,
			);
			name = Main.storyboard;
			sourceTree = "<group>";
		};
		3755ED5D242E8E330056EA4F /* LaunchScreen.storyboard */ = {
			isa = PBXVariantGroup;
			children = (
				3755ED5E242E8E330056EA4F /* Base */,
			);
			name = LaunchScreen.storyboard;
			sourceTree = "<group>";
		};
/* End PBXVariantGroup section */

/* Begin XCBuildConfiguration section */
		3755ED61242E8E330056EA4F /* Debug */ = {
			isa = XCBuildConfiguration;
			buildSettings = {
				ALWAYS_SEARCH_USER_PATHS = NO;
				CLANG_ANALYZER_NONNULL = YES;
				CLANG_ANALYZER_NUMBER_OBJECT_CONVERSION = YES_AGGRESSIVE;
				CLANG_CXX_LANGUAGE_STANDARD = "gnu++14";
				CLANG_CXX_LIBRARY = "libc++";
				CLANG_ENABLE_MODULES = YES;
				CLANG_ENABLE_OBJC_ARC = YES;
				CLANG_ENABLE_OBJC_WEAK = YES;
				CLANG_WARN_BLOCK_CAPTURE_AUTORELEASING = YES;
				CLANG_WARN_BOOL_CONVERSION = YES;
				CLANG_WARN_COMMA = YES;
				CLANG_WARN_CONSTANT_CONVERSION = YES;
				CLANG_WARN_DEPRECATED_OBJC_IMPLEMENTATIONS = YES;
				CLANG_WARN_DIRECT_OBJC_ISA_USAGE = YES_ERROR;
				CLANG_WARN_DOCUMENTATION_COMMENTS = YES;
				CLANG_WARN_EMPTY_BODY = YES;
				CLANG_WARN_ENUM_CONVERSION = YES;
				CLANG_WARN_INFINITE_RECURSION = YES;
				CLANG_WARN_INT_CONVERSION = YES;
				CLANG_WARN_NON_LITERAL_NULL_CONVERSION = YES;
				CLANG_WARN_OBJC_IMPLICIT_RETAIN_SELF = YES;
				CLANG_WARN_OBJC_LITERAL_CONVERSION = YES;
				CLANG_WARN_OBJC_ROOT_CLASS = YES_ERROR;
				CLANG_WARN_RANGE_LOOP_ANALYSIS = YES;
				CLANG_WARN_STRICT_PROTOTYPES = YES;
				CLANG_WARN_SUSPICIOUS_MOVE = YES;
				CLANG_WARN_UNGUARDED_AVAILABILITY = YES_AGGRESSIVE;
				CLANG_WARN_UNREACHABLE_CODE = YES;
				CLANG_WARN__DUPLICATE_METHOD_MATCH = YES;
				COPY_PHASE_STRIP = NO;
				DEBUG_INFORMATION_FORMAT = dwarf;
				ENABLE_STRICT_OBJC_MSGSEND = YES;
				ENABLE_TESTABILITY = YES;
				GCC_C_LANGUAGE_STANDARD = gnu11;
				GCC_DYNAMIC_NO_PIC = NO;
				GCC_NO_COMMON_BLOCKS = YES;
				GCC_OPTIMIZATION_LEVEL = 0;
				GCC_PREPROCESSOR_DEFINITIONS = (
					"DEBUG=1",
					"$(inherited)",
				);
				GCC_WARN_64_TO_32_BIT_CONVERSION = YES;
				GCC_WARN_ABOUT_RETURN_TYPE = YES_ERROR;
				GCC_WARN_UNDECLARED_SELECTOR = YES;
				GCC_WARN_UNINITIALIZED_AUTOS = YES_AGGRESSIVE;
				GCC_WARN_UNUSED_FUNCTION = YES;
				GCC_WARN_UNUSED_VARIABLE = YES;
				IPHONEOS_DEPLOYMENT_TARGET = 13.4;
				MTL_ENABLE_DEBUG_INFO = INCLUDE_SOURCE;
				MTL_FAST_MATH = YES;
				ONLY_ACTIVE_ARCH = YES;
				SDKROOT = iphoneos;
				SWIFT_ACTIVE_COMPILATION_CONDITIONS = DEBUG;
				SWIFT_OPTIMIZATION_LEVEL = "-Onone";
			};
			name = Debug;
		};
		3755ED62242E8E330056EA4F /* Release */ = {
			isa = XCBuildConfiguration;
			buildSettings = {
				ALWAYS_SEARCH_USER_PATHS = NO;
				CLANG_ANALYZER_NONNULL = YES;
				CLANG_ANALYZER_NUMBER_OBJECT_CONVERSION = YES_AGGRESSIVE;
				CLANG_CXX_LANGUAGE_STANDARD = "gnu++14";
				CLANG_CXX_LIBRARY = "libc++";
				CLANG_ENABLE_MODULES = YES;
				CLANG_ENABLE_OBJC_ARC = YES;
				CLANG_ENABLE_OBJC_WEAK = YES;
				CLANG_WARN_BLOCK_CAPTURE_AUTORELEASING = YES;
				CLANG_WARN_BOOL_CONVERSION = YES;
				CLANG_WARN_COMMA = YES;
				CLANG_WARN_CONSTANT_CONVERSION = YES;
				CLANG_WARN_DEPRECATED_OBJC_IMPLEMENTATIONS = YES;
				CLANG_WARN_DIRECT_OBJC_ISA_USAGE = YES_ERROR;
				CLANG_WARN_DOCUMENTATION_COMMENTS = YES;
				CLANG_WARN_EMPTY_BODY = YES;
				CLANG_WARN_ENUM_CONVERSION = YES;
				CLANG_WARN_INFINITE_RECURSION = YES;
				CLANG_WARN_INT_CONVERSION = YES;
				CLANG_WARN_NON_LITERAL_NULL_CONVERSION = YES;
				CLANG_WARN_OBJC_IMPLICIT_RETAIN_SELF = YES;
				CLANG_WARN_OBJC_LITERAL_CONVERSION = YES;
				CLANG_WARN_OBJC_ROOT_CLASS = YES_ERROR;
				CLANG_WARN_RANGE_LOOP_ANALYSIS = YES;
				CLANG_WARN_STRICT_PROTOTYPES = YES;
				CLANG_WARN_SUSPICIOUS_MOVE = YES;
				CLANG_WARN_UNGUARDED_AVAILABILITY = YES_AGGRESSIVE;
				CLANG_WARN_UNREACHABLE_CODE = YES;
				CLANG_WARN__DUPLICATE_METHOD_MATCH = YES;
				COPY_PHASE_STRIP = NO;
				DEBUG_INFORMATION_FORMAT = "dwarf-with-dsym";
				ENABLE_NS_ASSERTIONS = NO;
				ENABLE_STRICT_OBJC_MSGSEND = YES;
				GCC_C_LANGUAGE_STANDARD = gnu11;
				GCC_NO_COMMON_BLOCKS = YES;
				GCC_WARN_64_TO_32_BIT_CONVERSION = YES;
				GCC_WARN_ABOUT_RETURN_TYPE = YES_ERROR;
				GCC_WARN_UNDECLARED_SELECTOR = YES;
				GCC_WARN_UNINITIALIZED_AUTOS = YES_AGGRESSIVE;
				GCC_WARN_UNUSED_FUNCTION = YES;
				GCC_WARN_UNUSED_VARIABLE = YES;
				IPHONEOS_DEPLOYMENT_TARGET = 13.4;
				MTL_ENABLE_DEBUG_INFO = NO;
				MTL_FAST_MATH = YES;
				SDKROOT = iphoneos;
				SWIFT_COMPILATION_MODE = wholemodule;
				SWIFT_OPTIMIZATION_LEVEL = "-O";
				VALIDATE_PRODUCT = YES;
			};
			name = Release;
		};
		3755ED64242E8E330056EA4F /* Debug */ = {
			isa = XCBuildConfiguration;
			buildSettings = {
				ASSETCATALOG_COMPILER_APPICON_NAME = AppIcon;
				CODE_SIGN_STYLE = Automatic;
				CURRENT_PROJECT_VERSION = 10;
				DEVELOPMENT_TEAM = TFT6PV3RZ7;
				INFOPLIST_FILE = Amline/Info.plist;
				IPHONEOS_DEPLOYMENT_TARGET = 13.0;
				LD_RUNPATH_SEARCH_PATHS = (
					"$(inherited)",
					"@executable_path/Frameworks",
				);
				PRODUCT_BUNDLE_IDENTIFIER = com.BobbyKeffury.Amline;
				PRODUCT_NAME = "$(TARGET_NAME)";
				SWIFT_VERSION = 5.0;
				TARGETED_DEVICE_FAMILY = 1;
			};
			name = Debug;
		};
		3755ED65242E8E330056EA4F /* Release */ = {
			isa = XCBuildConfiguration;
			buildSettings = {
				ASSETCATALOG_COMPILER_APPICON_NAME = AppIcon;
				CODE_SIGN_STYLE = Automatic;
				CURRENT_PROJECT_VERSION = 10;
				DEVELOPMENT_TEAM = TFT6PV3RZ7;
				INFOPLIST_FILE = Amline/Info.plist;
				IPHONEOS_DEPLOYMENT_TARGET = 13.0;
				LD_RUNPATH_SEARCH_PATHS = (
					"$(inherited)",
					"@executable_path/Frameworks",
				);
				PRODUCT_BUNDLE_IDENTIFIER = com.BobbyKeffury.Amline;
				PRODUCT_NAME = "$(TARGET_NAME)";
				SWIFT_VERSION = 5.0;
				TARGETED_DEVICE_FAMILY = 1;
			};
			name = Release;
		};
/* End XCBuildConfiguration section */

/* Begin XCConfigurationList section */
		3755ED4A242E8E310056EA4F /* Build configuration list for PBXProject "Amline" */ = {
			isa = XCConfigurationList;
			buildConfigurations = (
				3755ED61242E8E330056EA4F /* Debug */,
				3755ED62242E8E330056EA4F /* Release */,
			);
			defaultConfigurationIsVisible = 0;
			defaultConfigurationName = Release;
		};
		3755ED63242E8E330056EA4F /* Build configuration list for PBXNativeTarget "Amline" */ = {
			isa = XCConfigurationList;
			buildConfigurations = (
				3755ED64242E8E330056EA4F /* Debug */,
				3755ED65242E8E330056EA4F /* Release */,
			);
			defaultConfigurationIsVisible = 0;
			defaultConfigurationName = Release;
		};
/* End XCConfigurationList section */

/* Begin XCVersionGroup section */
		37DB59F32432E228009830F3 /* Timeline.xcdatamodeld */ = {
			isa = XCVersionGroup;
			children = (
				3728FAC72434FC5A009794E9 /* Timeline 2.xcdatamodel */,
				37DB59F42432E228009830F3 /* Timeline.xcdatamodel */,
			);
			currentVersion = 3728FAC72434FC5A009794E9 /* Timeline 2.xcdatamodel */;
			path = Timeline.xcdatamodeld;
			sourceTree = "<group>";
			versionGroupType = wrapper.xcdatamodel;
		};
/* End XCVersionGroup section */
	};
	rootObject = 3755ED47242E8E310056EA4F /* Project object */;
}
